
Microsoft Visual Studio Solution File, Format Version 11.00
# Visual Studio 2010
Project("{FAE04EC0-301F-11D3-BF4B-00C04F79EFBC}") = "SmartUwrite", "BIMTWordAddIn\SmartUwrite.csproj", "{276056E1-0D0D-4BC8-A214-C940786F7334}"
EndProject
Project("{FAE04EC0-301F-11D3-BF4B-00C04F79EFBC}") = "SmartUwrite.Core", "SmartUwrite.Core\SmartUwrite.Core.csproj", "{99161A92-D947-4879-9756-FBDD019498B6}"
EndProject
Project("{FAE04EC0-301F-11D3-BF4B-00C04F79EFBC}") = "SmartUwrite.Utils", "SmartUwrite.Utils\SmartUwrite.Utils.csproj", "{C11C3141-557E-4F1B-A4FD-3C6FF4779BA8}"
EndProject
Global
	GlobalSection(SolutionConfigurationPlatforms) = preSolution
		Debug|Any CPU = Debug|Any CPU
		Debug|Mixed Platforms = Debug|Mixed Platforms
		Debug|x64 = Debug|x64
		Debug|x86 = Debug|x86
		Release|Any CPU = Release|Any CPU
		Release|Mixed Platforms = Release|Mixed Platforms
		Release|x64 = Release|x64
		Release|x86 = Release|x86
	EndGlobalSection
	GlobalSection(ProjectConfigurationPlatforms) = postSolution
		{276056E1-0D0D-4BC8-A214-C940786F7334}.Debug|Any CPU.ActiveCfg = Debug|Any CPU
		{276056E1-0D0D-4BC8-A214-C940786F7334}.Debug|Any CPU.Build.0 = Debug|Any CPU
		{276056E1-0D0D-4BC8-A214-C940786F7334}.Debug|Mixed Platforms.ActiveCfg = Debug|Any CPU
		{276056E1-0D0D-4BC8-A214-C940786F7334}.Debug|Mixed Platforms.Build.0 = Debug|Any CPU
		{276056E1-0D0D-4BC8-A214-C940786F7334}.Debug|x64.ActiveCfg = Debug|Any CPU
		{276056E1-0D0D-4BC8-A214-C940786F7334}.Debug|x86.ActiveCfg = Debug|Any CPU
		{276056E1-0D0D-4BC8-A214-C940786F7334}.Release|Any CPU.ActiveCfg = Release|Any CPU
		{276056E1-0D0D-4BC8-A214-C940786F7334}.Release|Any CPU.Build.0 = Release|Any CPU
		{276056E1-0D0D-4BC8-A214-C940786F7334}.Release|Mixed Platforms.ActiveCfg = Release|Any CPU
		{276056E1-0D0D-4BC8-A214-C940786F7334}.Release|Mixed Platforms.Build.0 = Release|Any CPU
		{276056E1-0D0D-4BC8-A214-C940786F7334}.Release|x64.ActiveCfg = Release|x64
		{276056E1-0D0D-4BC8-A214-C940786F7334}.Release|x64.Build.0 = Release|x64
		{276056E1-0D0D-4BC8-A214-C940786F7334}.Release|x86.ActiveCfg = Release|x86
		{99161A92-D947-4879-9756-FBDD019498B6}.Debug|Any CPU.ActiveCfg = Debug|Any CPU
		{99161A92-D947-4879-9756-FBDD019498B6}.Debug|Any CPU.Build.0 = Debug|Any CPU
		{99161A92-D947-4879-9756-FBDD019498B6}.Debug|Mixed Platforms.ActiveCfg = Debug|x86
		{99161A92-D947-4879-9756-FBDD019498B6}.Debug|Mixed Platforms.Build.0 = Debug|x86
		{99161A92-D947-4879-9756-FBDD019498B6}.Debug|x64.ActiveCfg = Debug|x64
		{99161A92-D947-4879-9756-FBDD019498B6}.Debug|x64.Build.0 = Debug|x64
		{99161A92-D947-4879-9756-FBDD019498B6}.Debug|x86.ActiveCfg = Debug|x86
		{99161A92-D947-4879-9756-FBDD019498B6}.Debug|x86.Build.0 = Debug|x86
		{99161A92-D947-4879-9756-FBDD019498B6}.Release|Any CPU.ActiveCfg = Release|Any CPU
		{99161A92-D947-4879-9756-FBDD019498B6}.Release|Any CPU.Build.0 = Release|Any CPU
		{99161A92-D947-4879-9756-FBDD019498B6}.Release|Mixed Platforms.ActiveCfg = Release|x86
		{99161A92-D947-4879-9756-FBDD019498B6}.Release|Mixed Platforms.Build.0 = Release|x86
		{99161A92-D947-4879-9756-FBDD019498B6}.Release|x64.ActiveCfg = Release|x64
		{99161A92-D947-4879-9756-FBDD019498B6}.Release|x64.Build.0 = Release|x64
		{99161A92-D947-4879-9756-FBDD019498B6}.Release|x86.ActiveCfg = Release|x86
		{99161A92-D947-4879-9756-FBDD019498B6}.Release|x86.Build.0 = Release|x86
		{C11C3141-557E-4F1B-A4FD-3C6FF4779BA8}.Debug|Any CPU.ActiveCfg = Debug|Any CPU
		{C11C3141-557E-4F1B-A4FD-3C6FF4779BA8}.Debug|Any CPU.Build.0 = Debug|Any CPU
		{C11C3141-557E-4F1B-A4FD-3C6FF4779BA8}.Debug|Mixed Platforms.ActiveCfg = Debug|x86
		{C11C3141-557E-4F1B-A4FD-3C6FF4779BA8}.Debug|Mixed Platforms.Build.0 = Debug|x86
		{C11C3141-557E-4F1B-A4FD-3C6FF4779BA8}.Debug|x64.ActiveCfg = Debug|x86
		{C11C3141-557E-4F1B-A4FD-3C6FF4779BA8}.Debug|x86.ActiveCfg = Debug|x86
		{C11C3141-557E-4F1B-A4FD-3C6FF4779BA8}.Debug|x86.Build.0 = Debug|x86
		{C11C3141-557E-4F1B-A4FD-3C6FF4779BA8}.Release|Any CPU.ActiveCfg = Release|Any CPU
		{C11C3141-557E-4F1B-A4FD-3C6FF4779BA8}.Release|Any CPU.Build.0 = Release|Any CPU
		{C11C3141-557E-4F1B-A4FD-3C6FF4779BA8}.Release|Mixed Platforms.ActiveCfg = Release|x86
		{C11C3141-557E-4F1B-A4FD-3C6FF4779BA8}.Release|Mixed Platforms.Build.0 = Release|x86
		{C11C3141-557E-4F1B-A4FD-3C6FF4779BA8}.Release|x64.ActiveCfg = Release|x86
		{C11C3141-557E-4F1B-A4FD-3C6FF4779BA8}.Release|x86.ActiveCfg = Release|x86
		{C11C3141-557E-4F1B-A4FD-3C6FF4779BA8}.Release|x86.Build.0 = Release|x86
	EndGlobalSection
	GlobalSection(SolutionProperties) = preSolution
		HideSolutionNode = FALSE
	EndGlobalSection
EndGlobal
